
Microsoft Visual Studio Solution File, Format Version 12.00
# Visual Studio Version 17
VisualStudioVersion = 17.13.35919.96 d17.13
MinimumVisualStudioVersion = 10.0.40219.1
Project("{FAE04EC0-301F-11D3-BF4B-00C04F79EFBC}") = "P2", "P2.csproj", "{235AA510-C725-4109-8D2A-6D4F67BF30FD}"
EndProject
Global
	GlobalSection(SolutionConfigurationPlatforms) = preSolution
		Debug|Any CPU = Debug|Any CPU
		Release|Any CPU = Release|Any CPU
	EndGlobalSection
	GlobalSection(ProjectConfigurationPlatforms) = postSolution
		{235AA510-C725-4109-8D2A-6D4F67BF30FD}.Debug|Any CPU.ActiveCfg = Debug|Any CPU
		{235AA510-C725-4109-8D2A-6D4F67BF30FD}.Debug|Any CPU.Build.0 = Debug|Any CPU
		{235AA510-C725-4109-8D2A-6D4F67BF30FD}.Release|Any CPU.ActiveCfg = Release|Any CPU
		{235AA510-C725-4109-8D2A-6D4F67BF30FD}.Release|Any CPU.Build.0 = Release|Any CPU
	EndGlobalSection
	GlobalSection(SolutionProperties) = preSolution
		HideSolutionNode = FALSE
	EndGlobalSection
	GlobalSection(ExtensibilityGlobals) = postSolution
		SolutionGuid = {34ABA6AF-8C1A-41F9-B02D-BAA016B1FB84}
	EndGlobalSection
EndGlobal
